// !$*UTF8*$!
{
	archiveVersion = 1;
	classes = {
	};
	objectVersion = 46;
	objects = {

/* Begin PBXBuildFile section */
		D397A5E11ABF3D4A00FF182F /* Main.storyboard in Resources */ = {isa = PBXBuildFile; fileRef = D397A5DF1ABF3D4A00FF182F /* Main.storyboard */; };
		D397A5E31ABF449E00FF182F /* RecordedAudio.swift in Sources */ = {isa = PBXBuildFile; fileRef = D397A5E21ABF449E00FF182F /* RecordedAudio.swift */; };
		D397FF641AB8DD29004390DD /* PlaySoundsViewController.swift in Sources */ = {isa = PBXBuildFile; fileRef = D397FF631AB8DD29004390DD /* PlaySoundsViewController.swift */; };
		D397FF681AB8EE1B004390DD /* movie_quote.mp3 in Resources */ = {isa = PBXBuildFile; fileRef = D397FF671AB8EE1B004390DD /* movie_quote.mp3 */; };
		D3DC24C91AAF77C5003AB7CC /* AppDelegate.swift in Sources */ = {isa = PBXBuildFile; fileRef = D3DC24C81AAF77C5003AB7CC /* AppDelegate.swift */; };
		D3DC24CB1AAF77C5003AB7CC /* RecordSoundsViewController.swift in Sources */ = {isa = PBXBuildFile; fileRef = D3DC24CA1AAF77C5003AB7CC /* RecordSoundsViewController.swift */; };
		D3DC24D01AAF77C5003AB7CC /* Images.xcassets in Resources */ = {isa = PBXBuildFile; fileRef = D3DC24CF1AAF77C5003AB7CC /* Images.xcassets */; };
		D3DC24D31AAF77C5003AB7CC /* LaunchScreen.xib in Resources */ = {isa = PBXBuildFile; fileRef = D3DC24D11AAF77C5003AB7CC /* LaunchScreen.xib */; };
		D3DC24DF1AAF77C5003AB7CC /* Pitch_PerfectTests.swift in Sources */ = {isa = PBXBuildFile; fileRef = D3DC24DE1AAF77C5003AB7CC /* Pitch_PerfectTests.swift */; };
/* End PBXBuildFile section */

/* Begin PBXContainerItemProxy section */
		D3DC24D91AAF77C5003AB7CC /* PBXContainerItemProxy */ = {
			isa = PBXContainerItemProxy;
			containerPortal = D3DC24BB1AAF77C5003AB7CC /* Project object */;
			proxyType = 1;
			remoteGlobalIDString = D3DC24C21AAF77C5003AB7CC;
			remoteInfo = "Pitch Perfect";
		};
/* End PBXContainerItemProxy section */

/* Begin PBXFileReference section */
		D397A5E01ABF3D4A00FF182F /* Base */ = {isa = PBXFileReference; lastKnownFileType = file.storyboard; name = Base; path = Base.lproj/Main.storyboard; sourceTree = "<group>"; };
		D397A5E21ABF449E00FF182F /* RecordedAudio.swift */ = {isa = PBXFileReference; fileEncoding = 4; lastKnownFileType = sourcecode.swift; path = RecordedAudio.swift; sourceTree = "<group>"; };
		D397FF631AB8DD29004390DD /* PlaySoundsViewController.swift */ = {isa = PBXFileReference; fileEncoding = 4; lastKnownFileType = sourcecode.swift; path = PlaySoundsViewController.swift; sourceTree = "<group>"; };
		D397FF671AB8EE1B004390DD /* movie_quote.mp3 */ = {isa = PBXFileReference; lastKnownFileType = audio.mp3; name = movie_quote.mp3; path = ../movie_quote.mp3; sourceTree = "<group>"; };
		D3DC24C31AAF77C5003AB7CC /* Pitch Perfect.app */ = {isa = PBXFileReference; explicitFileType = wrapper.application; includeInIndex = 0; path = "Pitch Perfect.app"; sourceTree = BUILT_PRODUCTS_DIR; };
		D3DC24C71AAF77C5003AB7CC /* Info.plist */ = {isa = PBXFileReference; lastKnownFileType = text.plist.xml; path = Info.plist; sourceTree = "<group>"; };
		D3DC24C81AAF77C5003AB7CC /* AppDelegate.swift */ = {isa = PBXFileReference; lastKnownFileType = sourcecode.swift; path = AppDelegate.swift; sourceTree = "<group>"; };
		D3DC24CA1AAF77C5003AB7CC /* RecordSoundsViewController.swift */ = {isa = PBXFileReference; lastKnownFileType = sourcecode.swift; path = RecordSoundsViewController.swift; sourceTree = "<group>"; };
		D3DC24CF1AAF77C5003AB7CC /* Images.xcassets */ = {isa = PBXFileReference; lastKnownFileType = folder.assetcatalog; path = Images.xcassets; sourceTree = "<group>"; };
		D3DC24D21AAF77C5003AB7CC /* Base */ = {isa = PBXFileReference; lastKnownFileType = file.xib; name = Base; path = Base.lproj/LaunchScreen.xib; sourceTree = "<group>"; };
		D3DC24D81AAF77C5003AB7CC /* Pitch PerfectTests.xctest */ = {isa = PBXFileReference; explicitFileType = wrapper.cfbundle; includeInIndex = 0; path = "Pitch PerfectTests.xctest"; sourceTree = BUILT_PRODUCTS_DIR; };
		D3DC24DD1AAF77C5003AB7CC /* Info.plist */ = {isa = PBXFileReference; lastKnownFileType = text.plist.xml; path = Info.plist; sourceTree = "<group>"; };
		D3DC24DE1AAF77C5003AB7CC /* Pitch_PerfectTests.swift */ = {isa = PBXFileReference; lastKnownFileType = sourcecode.swift; name = Pitch_PerfectTests.swift; path = "Pitch PerfectTests/Pitch_PerfectTests.swift"; sourceTree = SOURCE_ROOT; };
/* End PBXFileReference section */

/* Begin PBXFrameworksBuildPhase section */
		D3DC24C01AAF77C5003AB7CC /* Frameworks */ = {
			isa = PBXFrameworksBuildPhase;
			buildActionMask = 2147483647;
			files = (
			);
			runOnlyForDeploymentPostprocessing = 0;
		};
		D3DC24D51AAF77C5003AB7CC /* Frameworks */ = {
			isa = PBXFrameworksBuildPhase;
			buildActionMask = 2147483647;
			files = (
			);
			runOnlyForDeploymentPostprocessing = 0;
		};
/* End PBXFrameworksBuildPhase section */

/* Begin PBXGroup section */
		D3DC24BA1AAF77C5003AB7CC = {
			isa = PBXGroup;
			children = (
				D3DC24C51AAF77C5003AB7CC /* Pitch Perfect */,
				D3DC24DB1AAF77C5003AB7CC /* Pitch PerfectTests */,
				D3DC24C41AAF77C5003AB7CC /* Products */,
			);
			sourceTree = "<group>";
		};
		D3DC24C41AAF77C5003AB7CC /* Products */ = {
			isa = PBXGroup;
			children = (
				D3DC24C31AAF77C5003AB7CC /* Pitch Perfect.app */,
				D3DC24D81AAF77C5003AB7CC /* Pitch PerfectTests.xctest */,
			);
			name = Products;
			sourceTree = "<group>";
		};
		D3DC24C51AAF77C5003AB7CC /* Pitch Perfect */ = {
			isa = PBXGroup;
			children = (
				D3DC24C81AAF77C5003AB7CC /* AppDelegate.swift */,
				D3DC24CA1AAF77C5003AB7CC /* RecordSoundsViewController.swift */,
				D397A5E21ABF449E00FF182F /* RecordedAudio.swift */,
				D397A5DF1ABF3D4A00FF182F /* Main.storyboard */,
				D397FF631AB8DD29004390DD /* PlaySoundsViewController.swift */,
				D3DC24CF1AAF77C5003AB7CC /* Images.xcassets */,
				D3DC24D11AAF77C5003AB7CC /* LaunchScreen.xib */,
				D3DC24C61AAF77C5003AB7CC /* Supporting Files */,
			);
			path = "Pitch Perfect";
			sourceTree = "<group>";
		};
		D3DC24C61AAF77C5003AB7CC /* Supporting Files */ = {
			isa = PBXGroup;
			children = (
				D3DC24C71AAF77C5003AB7CC /* Info.plist */,
			);
			name = "Supporting Files";
			sourceTree = "<group>";
		};
		D3DC24DB1AAF77C5003AB7CC /* Pitch PerfectTests */ = {
			isa = PBXGroup;
			children = (
				D3DC24DE1AAF77C5003AB7CC /* Pitch_PerfectTests.swift */,
				D3DC24DC1AAF77C5003AB7CC /* Supporting Files */,
			);
			path = "Pitch PerfectTests";
			sourceTree = "<group>";
		};
		D3DC24DC1AAF77C5003AB7CC /* Supporting Files */ = {
			isa = PBXGroup;
			children = (
				D397FF671AB8EE1B004390DD /* movie_quote.mp3 */,
				D3DC24DD1AAF77C5003AB7CC /* Info.plist */,
			);
			name = "Supporting Files";
			sourceTree = "<group>";
		};
/* End PBXGroup section */

/* Begin PBXNativeTarget section */
		D3DC24C21AAF77C5003AB7CC /* Pitch Perfect */ = {
			isa = PBXNativeTarget;
			buildConfigurationList = D3DC24E21AAF77C5003AB7CC /* Build configuration list for PBXNativeTarget "Pitch Perfect" */;
			buildPhases = (
				D3DC24BF1AAF77C5003AB7CC /* Sources */,
				D3DC24C01AAF77C5003AB7CC /* Frameworks */,
				D3DC24C11AAF77C5003AB7CC /* Resources */,
			);
			buildRules = (
			);
			dependencies = (
			);
			name = "Pitch Perfect";
			productName = "Pitch Perfect";
			productReference = D3DC24C31AAF77C5003AB7CC /* Pitch Perfect.app */;
			productType = "com.apple.product-type.application";
		};
		D3DC24D71AAF77C5003AB7CC /* Pitch PerfectTests */ = {
			isa = PBXNativeTarget;
			buildConfigurationList = D3DC24E51AAF77C5003AB7CC /* Build configuration list for PBXNativeTarget "Pitch PerfectTests" */;
			buildPhases = (
				D3DC24D41AAF77C5003AB7CC /* Sources */,
				D3DC24D51AAF77C5003AB7CC /* Frameworks */,
				D3DC24D61AAF77C5003AB7CC /* Resources */,
			);
			buildRules = (
			);
			dependencies = (
				D3DC24DA1AAF77C5003AB7CC /* PBXTargetDependency */,
			);
			name = "Pitch PerfectTests";
			productName = "Pitch PerfectTests";
			productReference = D3DC24D81AAF77C5003AB7CC /* Pitch PerfectTests.xctest */;
			productType = "com.apple.product-type.bundle.unit-test";
		};
/* End PBXNativeTarget section */

/* Begin PBXProject section */
		D3DC24BB1AAF77C5003AB7CC /* Project object */ = {
			isa = PBXProject;
			attributes = {
				LastUpgradeCheck = 0610;
				ORGANIZATIONNAME = "Hlias Giannoulis";
				TargetAttributes = {
					D3DC24C21AAF77C5003AB7CC = {
						CreatedOnToolsVersion = 6.1;
					};
					D3DC24D71AAF77C5003AB7CC = {
						CreatedOnToolsVersion = 6.1;
						TestTargetID = D3DC24C21AAF77C5003AB7CC;
					};
				};
			};
			buildConfigurationList = D3DC24BE1AAF77C5003AB7CC /* Build configuration list for PBXProject "Pitch Perfect" */;
			compatibilityVersion = "Xcode 3.2";
			developmentRegion = English;
			hasScannedForEncodings = 0;
			knownRegions = (
				en,
				Base,
			);
			mainGroup = D3DC24BA1AAF77C5003AB7CC;
			productRefGroup = D3DC24C41AAF77C5003AB7CC /* Products */;
			projectDirPath = "";
			projectRoot = "";
			targets = (
				D3DC24C21AAF77C5003AB7CC /* Pitch Perfect */,
				D3DC24D71AAF77C5003AB7CC /* Pitch PerfectTests */,
			);
		};
/* End PBXProject section */

/* Begin PBXResourcesBuildPhase section */
		D3DC24C11AAF77C5003AB7CC /* Resources */ = {
			isa = PBXResourcesBuildPhase;
			buildActionMask = 2147483647;
			files = (
				D3DC24D31AAF77C5003AB7CC /* LaunchScreen.xib in Resources */,
				D397FF681AB8EE1B004390DD /* movie_quote.mp3 in Resources */,
				D3DC24D01AAF77C5003AB7CC /* Images.xcassets in Resources */,
				D397A5E11ABF3D4A00FF182F /* Main.storyboard in Resources */,
			);
			runOnlyForDeploymentPostprocessing = 0;
		};
		D3DC24D61AAF77C5003AB7CC /* Resources */ = {
			isa = PBXResourcesBuildPhase;
			buildActionMask = 2147483647;
			files = (
			);
			runOnlyForDeploymentPostprocessing = 0;
		};
/* End PBXResourcesBuildPhase section */

/* Begin PBXSourcesBuildPhase section */
		D3DC24BF1AAF77C5003AB7CC /* Sources */ = {
			isa = PBXSourcesBuildPhase;
			buildActionMask = 2147483647;
			files = (
				D397A5E31ABF449E00FF182F /* RecordedAudio.swift in Sources */,
				D3DC24CB1AAF77C5003AB7CC /* RecordSoundsViewController.swift in Sources */,
				D397FF641AB8DD29004390DD /* PlaySoundsViewController.swift in Sources */,
				D3DC24C91AAF77C5003AB7CC /* AppDelegate.swift in Sources */,
			);
			runOnlyForDeploymentPostprocessing = 0;
		};
		D3DC24D41AAF77C5003AB7CC /* Sources */ = {
			isa = PBXSourcesBuildPhase;
			buildActionMask = 2147483647;
			files = (
				D3DC24DF1AAF77C5003AB7CC /* Pitch_PerfectTests.swift in Sources */,
			);
			runOnlyForDeploymentPostprocessing = 0;
		};
/* End PBXSourcesBuildPhase section */

/* Begin PBXTargetDependency section */
		D3DC24DA1AAF77C5003AB7CC /* PBXTargetDependency */ = {
			isa = PBXTargetDependency;
			target = D3DC24C21AAF77C5003AB7CC /* Pitch Perfect */;
			targetProxy = D3DC24D91AAF77C5003AB7CC /* PBXContainerItemProxy */;
		};
/* End PBXTargetDependency section */

/* Begin PBXVariantGroup section */
		D397A5DF1ABF3D4A00FF182F /* Main.storyboard */ = {
			isa = PBXVariantGroup;
			children = (
				D397A5E01ABF3D4A00FF182F /* Base */,
			);
			name = Main.storyboard;
			sourceTree = "<group>";
		};
		D3DC24D11AAF77C5003AB7CC /* LaunchScreen.xib */ = {
			isa = PBXVariantGroup;
			children = (
				D3DC24D21AAF77C5003AB7CC /* Base */,
			);
			name = LaunchScreen.xib;
			sourceTree = "<group>";
		};
/* End PBXVariantGroup section */

/* Begin XCBuildConfiguration section */
		D3DC24E01AAF77C5003AB7CC /* Debug */ = {
			isa = XCBuildConfiguration;
			buildSettings = {
				ALWAYS_SEARCH_USER_PATHS = NO;
				CLANG_CXX_LANGUAGE_STANDARD = "gnu++0x";
				CLANG_CXX_LIBRARY = "libc++";
				CLANG_ENABLE_MODULES = YES;
				CLANG_ENABLE_OBJC_ARC = YES;
				CLANG_WARN_BOOL_CONVERSION = YES;
				CLANG_WARN_CONSTANT_CONVERSION = YES;
				CLANG_WARN_DIRECT_OBJC_ISA_USAGE = YES_ERROR;
				CLANG_WARN_EMPTY_BODY = YES;
				CLANG_WARN_ENUM_CONVERSION = YES;
				CLANG_WARN_INT_CONVERSION = YES;
				CLANG_WARN_OBJC_ROOT_CLASS = YES_ERROR;
				CLANG_WARN_UNREACHABLE_CODE = YES;
				CLANG_WARN__DUPLICATE_METHOD_MATCH = YES;
				"CODE_SIGN_IDENTITY[sdk=iphoneos*]" = "iPhone Developer";
				COPY_PHASE_STRIP = NO;
				ENABLE_STRICT_OBJC_MSGSEND = YES;
				GCC_C_LANGUAGE_STANDARD = gnu99;
				GCC_DYNAMIC_NO_PIC = NO;
				GCC_OPTIMIZATION_LEVEL = 0;
				GCC_PREPROCESSOR_DEFINITIONS = (
					"DEBUG=1",
					"$(inherited)",
				);
				GCC_SYMBOLS_PRIVATE_EXTERN = NO;
				GCC_WARN_64_TO_32_BIT_CONVERSION = YES;
				GCC_WARN_ABOUT_RETURN_TYPE = YES_ERROR;
				GCC_WARN_UNDECLARED_SELECTOR = YES;
				GCC_WARN_UNINITIALIZED_AUTOS = YES_AGGRESSIVE;
				GCC_WARN_UNUSED_FUNCTION = YES;
				GCC_WARN_UNUSED_VARIABLE = YES;
				IPHONEOS_DEPLOYMENT_TARGET = 8.1;
				MTL_ENABLE_DEBUG_INFO = YES;
				ONLY_ACTIVE_ARCH = YES;
				SDKROOT = iphoneos;
				SWIFT_OPTIMIZATION_LEVEL = "-Onone";
			};
			name = Debug;
		};
		D3DC24E11AAF77C5003AB7CC /* Release */ = {
			isa = XCBuildConfiguration;
			buildSettings = {
				ALWAYS_SEARCH_USER_PATHS = NO;
				CLANG_CXX_LANGUAGE_STANDARD = "gnu++0x";
				CLANG_CXX_LIBRARY = "libc++";
				CLANG_ENABLE_MODULES = YES;
				CLANG_ENABLE_OBJC_ARC = YES;
				CLANG_WARN_BOOL_CONVERSION = YES;
				CLANG_WARN_CONSTANT_CONVERSION = YES;
				CLANG_WARN_DIRECT_OBJC_ISA_USAGE = YES_ERROR;
				CLANG_WARN_EMPTY_BODY = YES;
				CLANG_WARN_ENUM_CONVERSION = YES;
				CLANG_WARN_INT_CONVERSION = YES;
				CLANG_WARN_OBJC_ROOT_CLASS = YES_ERROR;
				CLANG_WARN_UNREACHABLE_CODE = YES;
				CLANG_WARN__DUPLICATE_METHOD_MATCH = YES;
				"CODE_SIGN_IDENTITY[sdk=iphoneos*]" = "iPhone Developer";
				COPY_PHASE_STRIP = YES;
				ENABLE_NS_ASSERTIONS = NO;
				ENABLE_STRICT_OBJC_MSGSEND = YES;
				GCC_C_LANGUAGE_STANDARD = gnu99;
				GCC_WARN_64_TO_32_BIT_CONVERSION = YES;
				GCC_WARN_ABOUT_RETURN_TYPE = YES_ERROR;
				GCC_WARN_UNDECLARED_SELECTOR = YES;
				GCC_WARN_UNINITIALIZED_AUTOS = YES_AGGRESSIVE;
				GCC_WARN_UNUSED_FUNCTION = YES;
				GCC_WARN_UNUSED_VARIABLE = YES;
				IPHONEOS_DEPLOYMENT_TARGET = 8.1;
				MTL_ENABLE_DEBUG_INFO = NO;
				SDKROOT = iphoneos;
				VALIDATE_PRODUCT = YES;
			};
			name = Release;
		};
		D3DC24E31AAF77C5003AB7CC /* Debug */ = {
			isa = XCBuildConfiguration;
			buildSettings = {
				ASSETCATALOG_COMPILER_APPICON_NAME = AppIcon;
				INFOPLIST_FILE = "Pitch Perfect/Info.plist";
				LD_RUNPATH_SEARCH_PATHS = "$(inherited) @executable_path/Frameworks";
				PRODUCT_NAME = "$(TARGET_NAME)";
			};
			name = Debug;
		};
		D3DC24E41AAF77C5003AB7CC /* Release */ = {
			isa = XCBuildConfiguration;
			buildSettings = {
				ASSETCATALOG_COMPILER_APPICON_NAME = AppIcon;
				INFOPLIST_FILE = "Pitch Perfect/Info.plist";
				LD_RUNPATH_SEARCH_PATHS = "$(inherited) @executable_path/Frameworks";
				PRODUCT_NAME = "$(TARGET_NAME)";
			};
			name = Release;
		};
		D3DC24E61AAF77C5003AB7CC /* Debug */ = {
			isa = XCBuildConfiguration;
			buildSettings = {
				BUNDLE_LOADER = "$(TEST_HOST)";
				FRAMEWORK_SEARCH_PATHS = (
					"$(SDKROOT)/Developer/Library/Frameworks",
					"$(inherited)",
				);
				GCC_PREPROCESSOR_DEFINITIONS = (
					"DEBUG=1",
					"$(inherited)",
				);
				INFOPLIST_FILE = "Pitch PerfectTests/Info.plist";
				LD_RUNPATH_SEARCH_PATHS = "$(inherited) @executable_path/Frameworks @loader_path/Frameworks";
				PRODUCT_NAME = "$(TARGET_NAME)";
				TEST_HOST = "$(BUILT_PRODUCTS_DIR)/Pitch Perfect.app/Pitch Perfect";
			};
			name = Debug;
		};
		D3DC24E71AAF77C5003AB7CC /* Release */ = {
			isa = XCBuildConfiguration;
			buildSettings = {
				BUNDLE_LOADER = "$(TEST_HOST)";
				FRAMEWORK_SEARCH_PATHS = (
					"$(SDKROOT)/Developer/Library/Frameworks",
					"$(inherited)",
				);
				INFOPLIST_FILE = "Pitch PerfectTests/Info.plist";
				LD_RUNPATH_SEARCH_PATHS = "$(inherited) @executable_path/Frameworks @loader_path/Frameworks";
				PRODUCT_NAME = "$(TARGET_NAME)";
				TEST_HOST = "$(BUILT_PRODUCTS_DIR)/Pitch Perfect.app/Pitch Perfect";
			};
			name = Release;
		};
/* End XCBuildConfiguration section */

/* Begin XCConfigurationList section */
		D3DC24BE1AAF77C5003AB7CC /* Build configuration list for PBXProject "Pitch Perfect" */ = {
			isa = XCConfigurationList;
			buildConfigurations = (
				D3DC24E01AAF77C5003AB7CC /* Debug */,
				D3DC24E11AAF77C5003AB7CC /* Release */,
			);
			defaultConfigurationIsVisible = 0;
			defaultConfigurationName = Release;
		};
		D3DC24E21AAF77C5003AB7CC /* Build configuration list for PBXNativeTarget "Pitch Perfect" */ = {
			isa = XCConfigurationList;
			buildConfigurations = (
				D3DC24E31AAF77C5003AB7CC /* Debug */,
				D3DC24E41AAF77C5003AB7CC /* Release */,
			);
			defaultConfigurationIsVisible = 0;
			defaultConfigurationName = Release;
		};
		D3DC24E51AAF77C5003AB7CC /* Build configuration list for PBXNativeTarget "Pitch PerfectTests" */ = {
			isa = XCConfigurationList;
			buildConfigurations = (
				D3DC24E61AAF77C5003AB7CC /* Debug */,
				D3DC24E71AAF77C5003AB7CC /* Release */,
			);
			defaultConfigurationIsVisible = 0;
			defaultConfigurationName = Release;
		};
/* End XCConfigurationList section */
	};
	rootObject = D3DC24BB1AAF77C5003AB7CC /* Project object */;
}
